// !$*UTF8*$!
{
	archiveVersion = 1;
	classes = {
	};
	objectVersion = 50;
	objects = {

/* Begin PBXBuildFile section */
		448071F474B9D163472A4D3C /* libPods-Tracktor.a in Frameworks */ = {isa = PBXBuildFile; fileRef = 0F5072A0417F55EC81FAFB2E /* libPods-Tracktor.a */; };
		75C811AB25136BBF006AD459 /* TracktorApp.swift in Sources */ = {isa = PBXBuildFile; fileRef = 75C811AA25136BBF006AD459 /* TracktorApp.swift */; };
		75C811AD25136BBF006AD459 /* ContentView.swift in Sources */ = {isa = PBXBuildFile; fileRef = 75C811AC25136BBF006AD459 /* ContentView.swift */; };
		75C811AF25136BC0006AD459 /* Assets.xcassets in Resources */ = {isa = PBXBuildFile; fileRef = 75C811AE25136BC0006AD459 /* Assets.xcassets */; };
		75C811B225136BC0006AD459 /* Preview Assets.xcassets in Resources */ = {isa = PBXBuildFile; fileRef = 75C811B125136BC0006AD459 /* Preview Assets.xcassets */; };
		75C811BA25146D16006AD459 /* AppDelegate.swift in Sources */ = {isa = PBXBuildFile; fileRef = 75C811B925146D16006AD459 /* AppDelegate.swift */; };
/* End PBXBuildFile section */

/* Begin PBXFileReference section */
		0F5072A0417F55EC81FAFB2E /* libPods-Tracktor.a */ = {isa = PBXFileReference; explicitFileType = archive.ar; includeInIndex = 0; path = "libPods-Tracktor.a"; sourceTree = BUILT_PRODUCTS_DIR; };
		39FECF104626264E5121632A /* Pods-Tracktor.debug.xcconfig */ = {isa = PBXFileReference; includeInIndex = 1; lastKnownFileType = text.xcconfig; name = "Pods-Tracktor.debug.xcconfig"; path = "Target Support Files/Pods-Tracktor/Pods-Tracktor.debug.xcconfig"; sourceTree = "<group>"; };
		3A712CCE76B9F9EBA4DDCF78 /* Pods-Tracktor.release.xcconfig */ = {isa = PBXFileReference; includeInIndex = 1; lastKnownFileType = text.xcconfig; name = "Pods-Tracktor.release.xcconfig"; path = "Target Support Files/Pods-Tracktor/Pods-Tracktor.release.xcconfig"; sourceTree = "<group>"; };
		75C811A725136BBF006AD459 /* Tracktor.app */ = {isa = PBXFileReference; explicitFileType = wrapper.application; includeInIndex = 0; path = Tracktor.app; sourceTree = BUILT_PRODUCTS_DIR; };
		75C811AA25136BBF006AD459 /* TracktorApp.swift */ = {isa = PBXFileReference; lastKnownFileType = sourcecode.swift; path = TracktorApp.swift; sourceTree = "<group>"; };
		75C811AC25136BBF006AD459 /* ContentView.swift */ = {isa = PBXFileReference; lastKnownFileType = sourcecode.swift; path = ContentView.swift; sourceTree = "<group>"; };
		75C811AE25136BC0006AD459 /* Assets.xcassets */ = {isa = PBXFileReference; lastKnownFileType = folder.assetcatalog; path = Assets.xcassets; sourceTree = "<group>"; };
		75C811B125136BC0006AD459 /* Preview Assets.xcassets */ = {isa = PBXFileReference; lastKnownFileType = folder.assetcatalog; path = "Preview Assets.xcassets"; sourceTree = "<group>"; };
		75C811B325136BC0006AD459 /* Info.plist */ = {isa = PBXFileReference; lastKnownFileType = text.plist.xml; path = Info.plist; sourceTree = "<group>"; };
		75C811B925146D16006AD459 /* AppDelegate.swift */ = {isa = PBXFileReference; lastKnownFileType = sourcecode.swift; path = AppDelegate.swift; sourceTree = "<group>"; };
/* End PBXFileReference section */

/* Begin PBXFrameworksBuildPhase section */
		75C811A425136BBF006AD459 /* Frameworks */ = {
			isa = PBXFrameworksBuildPhase;
			buildActionMask = 2147483647;
			files = (
				448071F474B9D163472A4D3C /* libPods-Tracktor.a in Frameworks */,
			);
			runOnlyForDeploymentPostprocessing = 0;
		};
/* End PBXFrameworksBuildPhase section */

/* Begin PBXGroup section */
		3657C2FFA4C06775A2618E17 /* Frameworks */ = {
			isa = PBXGroup;
			children = (
				0F5072A0417F55EC81FAFB2E /* libPods-Tracktor.a */,
			);
			name = Frameworks;
			sourceTree = "<group>";
		};
		75C8119E25136BBF006AD459 = {
			isa = PBXGroup;
			children = (
				75C811A925136BBF006AD459 /* Tracktor */,
				75C811A825136BBF006AD459 /* Products */,
				E074D980EC4DF9006A1274A7 /* Pods */,
				3657C2FFA4C06775A2618E17 /* Frameworks */,
			);
			sourceTree = "<group>";
		};
		75C811A825136BBF006AD459 /* Products */ = {
			isa = PBXGroup;
			children = (
				75C811A725136BBF006AD459 /* Tracktor.app */,
			);
			name = Products;
			sourceTree = "<group>";
		};
		75C811A925136BBF006AD459 /* Tracktor */ = {
			isa = PBXGroup;
			children = (
				75C811AA25136BBF006AD459 /* TracktorApp.swift */,
				75C811AC25136BBF006AD459 /* ContentView.swift */,
				75C811AE25136BC0006AD459 /* Assets.xcassets */,
				75C811B325136BC0006AD459 /* Info.plist */,
				75C811B025136BC0006AD459 /* Preview Content */,
				75C811B925146D16006AD459 /* AppDelegate.swift */,
			);
			path = Tracktor;
			sourceTree = "<group>";
		};
		75C811B025136BC0006AD459 /* Preview Content */ = {
			isa = PBXGroup;
			children = (
				75C811B125136BC0006AD459 /* Preview Assets.xcassets */,
			);
			path = "Preview Content";
			sourceTree = "<group>";
		};
		E074D980EC4DF9006A1274A7 /* Pods */ = {
			isa = PBXGroup;
			children = (
				39FECF104626264E5121632A /* Pods-Tracktor.debug.xcconfig */,
				3A712CCE76B9F9EBA4DDCF78 /* Pods-Tracktor.release.xcconfig */,
			);
			path = Pods;
			sourceTree = "<group>";
		};
/* End PBXGroup section */

/* Begin PBXNativeTarget section */
		75C811A625136BBF006AD459 /* Tracktor */ = {
			isa = PBXNativeTarget;
			buildConfigurationList = 75C811B625136BC0006AD459 /* Build configuration list for PBXNativeTarget "Tracktor" */;
			buildPhases = (
				A33B0DB3B7EB98F22ECB8122 /* [CP] Check Pods Manifest.lock */,
				75C811A325136BBF006AD459 /* Sources */,
				75C811A425136BBF006AD459 /* Frameworks */,
				75C811A525136BBF006AD459 /* Resources */,
			);
			buildRules = (
			);
			dependencies = (
			);
			name = Tracktor;
			productName = Tracktor;
			productReference = 75C811A725136BBF006AD459 /* Tracktor.app */;
			productType = "com.apple.product-type.application";
		};
/* End PBXNativeTarget section */

/* Begin PBXProject section */
		75C8119F25136BBF006AD459 /* Project object */ = {
			isa = PBXProject;
			attributes = {
				LastSwiftUpdateCheck = 1200;
				LastUpgradeCheck = 1200;
				TargetAttributes = {
					75C811A625136BBF006AD459 = {
						CreatedOnToolsVersion = 12.0;
					};
				};
			};
			buildConfigurationList = 75C811A225136BBF006AD459 /* Build configuration list for PBXProject "Tracktor" */;
			compatibilityVersion = "Xcode 9.3";
			developmentRegion = en;
			hasScannedForEncodings = 0;
			knownRegions = (
				en,
				Base,
			);
			mainGroup = 75C8119E25136BBF006AD459;
			productRefGroup = 75C811A825136BBF006AD459 /* Products */;
			projectDirPath = "";
			projectRoot = "";
			targets = (
				75C811A625136BBF006AD459 /* Tracktor */,
			);
		};
/* End PBXProject section */

/* Begin PBXResourcesBuildPhase section */
		75C811A525136BBF006AD459 /* Resources */ = {
			isa = PBXResourcesBuildPhase;
			buildActionMask = 2147483647;
			files = (
				75C811B225136BC0006AD459 /* Preview Assets.xcassets in Resources */,
				75C811AF25136BC0006AD459 /* Assets.xcassets in Resources */,
			);
			runOnlyForDeploymentPostprocessing = 0;
		};
/* End PBXResourcesBuildPhase section */

/* Begin PBXShellScriptBuildPhase section */
		A33B0DB3B7EB98F22ECB8122 /* [CP] Check Pods Manifest.lock */ = {
			isa = PBXShellScriptBuildPhase;
			buildActionMask = 2147483647;
			files = (
			);
			inputFileListPaths = (
			);
			inputPaths = (
				"${PODS_PODFILE_DIR_PATH}/Podfile.lock",
				"${PODS_ROOT}/Manifest.lock",
			);
			name = "[CP] Check Pods Manifest.lock";
			outputFileListPaths = (
			);
			outputPaths = (
				"$(DERIVED_FILE_DIR)/Pods-Tracktor-checkManifestLockResult.txt",
			);
			runOnlyForDeploymentPostprocessing = 0;
			shellPath = /bin/sh;
			shellScript = "diff \"${PODS_PODFILE_DIR_PATH}/Podfile.lock\" \"${PODS_ROOT}/Manifest.lock\" > /dev/null\nif [ $? != 0 ] ; then\n    # print error to STDERR\n    echo \"error: The sandbox is not in sync with the Podfile.lock. Run 'pod install' or update your CocoaPods installation.\" >&2\n    exit 1\nfi\n# This output is used by Xcode 'outputs' to avoid re-running this script phase.\necho \"SUCCESS\" > \"${SCRIPT_OUTPUT_FILE_0}\"\n";
			showEnvVarsInLog = 0;
		};
/* End PBXShellScriptBuildPhase section */

/* Begin PBXSourcesBuildPhase section */
		75C811A325136BBF006AD459 /* Sources */ = {
			isa = PBXSourcesBuildPhase;
			buildActionMask = 2147483647;
			files = (
				75C811BA25146D16006AD459 /* AppDelegate.swift in Sources */,
				75C811AD25136BBF006AD459 /* ContentView.swift in Sources */,
				75C811AB25136BBF006AD459 /* TracktorApp.swift in Sources */,
			);
			runOnlyForDeploymentPostprocessing = 0;
		};
/* End PBXSourcesBuildPhase section */

/* Begin XCBuildConfiguration section */
		75C811B425136BC0006AD459 /* Debug */ = {
			isa = XCBuildConfiguration;
			buildSettings = {
				ALWAYS_SEARCH_USER_PATHS = NO;
				CLANG_ANALYZER_NONNULL = YES;
				CLANG_ANALYZER_NUMBER_OBJECT_CONVERSION = YES_AGGRESSIVE;
				CLANG_CXX_LANGUAGE_STANDARD = "gnu++14";
				CLANG_CXX_LIBRARY = "libc++";
				CLANG_ENABLE_MODULES = YES;
				CLANG_ENABLE_OBJC_ARC = YES;
				CLANG_ENABLE_OBJC_WEAK = YES;
				CLANG_WARN_BLOCK_CAPTURE_AUTORELEASING = YES;
				CLANG_WARN_BOOL_CONVERSION = YES;
				CLANG_WARN_COMMA = YES;
				CLANG_WARN_CONSTANT_CONVERSION = YES;
				CLANG_WARN_DEPRECATED_OBJC_IMPLEMENTATIONS = YES;
				CLANG_WARN_DIRECT_OBJC_ISA_USAGE = YES_ERROR;
				CLANG_WARN_DOCUMENTATION_COMMENTS = YES;
				CLANG_WARN_EMPTY_BODY = YES;
				CLANG_WARN_ENUM_CONVERSION = YES;
				CLANG_WARN_INFINITE_RECURSION = YES;
				CLANG_WARN_INT_CONVERSION = YES;
				CLANG_WARN_NON_LITERAL_NULL_CONVERSION = YES;
				CLANG_WARN_OBJC_IMPLICIT_RETAIN_SELF = YES;
				CLANG_WARN_OBJC_LITERAL_CONVERSION = YES;
				CLANG_WARN_OBJC_ROOT_CLASS = YES_ERROR;
				CLANG_WARN_QUOTED_INCLUDE_IN_FRAMEWORK_HEADER = YES;
				CLANG_WARN_RANGE_LOOP_ANALYSIS = YES;
				CLANG_WARN_STRICT_PROTOTYPES = YES;
				CLANG_WARN_SUSPICIOUS_MOVE = YES;
				CLANG_WARN_UNGUARDED_AVAILABILITY = YES_AGGRESSIVE;
				CLANG_WARN_UNREACHABLE_CODE = YES;
				CLANG_WARN__DUPLICATE_METHOD_MATCH = YES;
				COPY_PHASE_STRIP = NO;
				DEBUG_INFORMATION_FORMAT = dwarf;
				ENABLE_STRICT_OBJC_MSGSEND = YES;
				ENABLE_TESTABILITY = YES;
				GCC_C_LANGUAGE_STANDARD = gnu11;
				GCC_DYNAMIC_NO_PIC = NO;
				GCC_NO_COMMON_BLOCKS = YES;
				GCC_OPTIMIZATION_LEVEL = 0;
				GCC_PREPROCESSOR_DEFINITIONS = (
					"DEBUG=1",
					"$(inherited)",
				);
				GCC_WARN_64_TO_32_BIT_CONVERSION = YES;
				GCC_WARN_ABOUT_RETURN_TYPE = YES_ERROR;
				GCC_WARN_UNDECLARED_SELECTOR = YES;
				GCC_WARN_UNINITIALIZED_AUTOS = YES_AGGRESSIVE;
				GCC_WARN_UNUSED_FUNCTION = YES;
				GCC_WARN_UNUSED_VARIABLE = YES;
				IPHONEOS_DEPLOYMENT_TARGET = 14.0;
				MTL_ENABLE_DEBUG_INFO = INCLUDE_SOURCE;
				MTL_FAST_MATH = YES;
				ONLY_ACTIVE_ARCH = YES;
				SDKROOT = iphoneos;
				SWIFT_ACTIVE_COMPILATION_CONDITIONS = DEBUG;
				SWIFT_OPTIMIZATION_LEVEL = "-Onone";
			};
			name = Debug;
		};
		75C811B525136BC0006AD459 /* Release */ = {
			isa = XCBuildConfiguration;
			buildSettings = {
				ALWAYS_SEARCH_USER_PATHS = NO;
				CLANG_ANALYZER_NONNULL = YES;
				CLANG_ANALYZER_NUMBER_OBJECT_CONVERSION = YES_AGGRESSIVE;
				CLANG_CXX_LANGUAGE_STANDARD = "gnu++14";
				CLANG_CXX_LIBRARY = "libc++";
				CLANG_ENABLE_MODULES = YES;
				CLANG_ENABLE_OBJC_ARC = YES;
				CLANG_ENABLE_OBJC_WEAK = YES;
				CLANG_WARN_BLOCK_CAPTURE_AUTORELEASING = YES;
				CLANG_WARN_BOOL_CONVERSION = YES;
				CLANG_WARN_COMMA = YES;
				CLANG_WARN_CONSTANT_CONVERSION = YES;
				CLANG_WARN_DEPRECATED_OBJC_IMPLEMENTATIONS = YES;
				CLANG_WARN_DIRECT_OBJC_ISA_USAGE = YES_ERROR;
				CLANG_WARN_DOCUMENTATION_COMMENTS = YES;
				CLANG_WARN_EMPTY_BODY = YES;
				CLANG_WARN_ENUM_CONVERSION = YES;
				CLANG_WARN_INFINITE_RECURSION = YES;
				CLANG_WARN_INT_CONVERSION = YES;
				CLANG_WARN_NON_LITERAL_NULL_CONVERSION = YES;
				CLANG_WARN_OBJC_IMPLICIT_RETAIN_SELF = YES;
				CLANG_WARN_OBJC_LITERAL_CONVERSION = YES;
				CLANG_WARN_OBJC_ROOT_CLASS = YES_ERROR;
				CLANG_WARN_QUOTED_INCLUDE_IN_FRAMEWORK_HEADER = YES;
				CLANG_WARN_RANGE_LOOP_ANALYSIS = YES;
				CLANG_WARN_STRICT_PROTOTYPES = YES;
				CLANG_WARN_SUSPICIOUS_MOVE = YES;
				CLANG_WARN_UNGUARDED_AVAILABILITY = YES_AGGRESSIVE;
				CLANG_WARN_UNREACHABLE_CODE = YES;
				CLANG_WARN__DUPLICATE_METHOD_MATCH = YES;
				COPY_PHASE_STRIP = NO;
				DEBUG_INFORMATION_FORMAT = "dwarf-with-dsym";
				ENABLE_NS_ASSERTIONS = NO;
				ENABLE_STRICT_OBJC_MSGSEND = YES;
				GCC_C_LANGUAGE_STANDARD = gnu11;
				GCC_NO_COMMON_BLOCKS = YES;
				GCC_WARN_64_TO_32_BIT_CONVERSION = YES;
				GCC_WARN_ABOUT_RETURN_TYPE = YES_ERROR;
				GCC_WARN_UNDECLARED_SELECTOR = YES;
				GCC_WARN_UNINITIALIZED_AUTOS = YES_AGGRESSIVE;
				GCC_WARN_UNUSED_FUNCTION = YES;
				GCC_WARN_UNUSED_VARIABLE = YES;
				IPHONEOS_DEPLOYMENT_TARGET = 14.0;
				MTL_ENABLE_DEBUG_INFO = NO;
				MTL_FAST_MATH = YES;
				SDKROOT = iphoneos;
				SWIFT_COMPILATION_MODE = wholemodule;
				SWIFT_OPTIMIZATION_LEVEL = "-O";
				VALIDATE_PRODUCT = YES;
			};
			name = Release;
		};
		75C811B725136BC0006AD459 /* Debug */ = {
			isa = XCBuildConfiguration;
			baseConfigurationReference = 39FECF104626264E5121632A /* Pods-Tracktor.debug.xcconfig */;
			buildSettings = {
				ASSETCATALOG_COMPILER_APPICON_NAME = AppIcon;
				ASSETCATALOG_COMPILER_GLOBAL_ACCENT_COLOR_NAME = AccentColor;
				CODE_SIGN_STYLE = Automatic;
				DEVELOPMENT_ASSET_PATHS = "\"Tracktor/Preview Content\"";
				ENABLE_PREVIEWS = YES;
				INFOPLIST_FILE = Tracktor/Info.plist;
				IPHONEOS_DEPLOYMENT_TARGET = 14.0;
				LD_RUNPATH_SEARCH_PATHS = (
					"$(inherited)",
					"@executable_path/Frameworks",
				);
				OTHER_LDFLAGS = (
					"$(inherited)",
					"-lsqlite3",
				);
				PRODUCT_BUNDLE_IDENTIFIER = com.popalay.Tracktor;
				PRODUCT_NAME = "$(TARGET_NAME)";
				SWIFT_VERSION = 5.0;
				TARGETED_DEVICE_FAMILY = "1,2";
			};
			name = Debug;
		};
		75C811B825136BC0006AD459 /* Release */ = {
			isa = XCBuildConfiguration;
			baseConfigurationReference = 3A712CCE76B9F9EBA4DDCF78 /* Pods-Tracktor.release.xcconfig */;
			buildSettings = {
				ASSETCATALOG_COMPILER_APPICON_NAME = AppIcon;
				ASSETCATALOG_COMPILER_GLOBAL_ACCENT_COLOR_NAME = AccentColor;
				CODE_SIGN_STYLE = Automatic;
				DEVELOPMENT_ASSET_PATHS = "\"Tracktor/Preview Content\"";
				ENABLE_PREVIEWS = YES;
				INFOPLIST_FILE = Tracktor/Info.plist;
				IPHONEOS_DEPLOYMENT_TARGET = 14.0;
				LD_RUNPATH_SEARCH_PATHS = (
					"$(inherited)",
					"@executable_path/Frameworks",
				);
				OTHER_LDFLAGS = (
					"$(inherited)",
					"-lsqlite3",
				);
				PRODUCT_BUNDLE_IDENTIFIER = com.popalay.Tracktor;
				PRODUCT_NAME = "$(TARGET_NAME)";
				SWIFT_VERSION = 5.0;
				TARGETED_DEVICE_FAMILY = "1,2";
			};
			name = Release;
		};
/* End XCBuildConfiguration section */

/* Begin XCConfigurationList section */
		75C811A225136BBF006AD459 /* Build configuration list for PBXProject "Tracktor" */ = {
			isa = XCConfigurationList;
			buildConfigurations = (
				75C811B425136BC0006AD459 /* Debug */,
				75C811B525136BC0006AD459 /* Release */,
			);
			defaultConfigurationIsVisible = 0;
			defaultConfigurationName = Release;
		};
		75C811B625136BC0006AD459 /* Build configuration list for PBXNativeTarget "Tracktor" */ = {
			isa = XCConfigurationList;
			buildConfigurations = (
				75C811B725136BC0006AD459 /* Debug */,
				75C811B825136BC0006AD459 /* Release */,
			);
			defaultConfigurationIsVisible = 0;
			defaultConfigurationName = Release;
		};
/* End XCConfigurationList section */
	};
	rootObject = 75C8119F25136BBF006AD459 /* Project object */;
}
